
Microsoft Visual Studio Solution File, Format Version 12.00
# Visual Studio 14
VisualStudioVersion = 14.0.23107.0
MinimumVisualStudioVersion = 10.0.40219.1
Project("{FAE04EC0-301F-11D3-BF4B-00C04F79EFBC}") = "guidgenerator", "guidgenerator\guidgenerator.csproj", "{C42FFFCC-C17B-4AE9-990F-27198BA297BA}"
EndProject
Project("{FAE04EC0-301F-11D3-BF4B-00C04F79EFBC}") = "DataAcess", "DataAcess\DataAcess.csproj", "{FE3B3C32-4097-4282-A480-B08F63005DB4}"
EndProject
Project("{FAE04EC0-301F-11D3-BF4B-00C04F79EFBC}") = "BusinessLogic", "BusinessLogic\BusinessLogic.csproj", "{C6C499E4-8A8F-4FF9-BAC1-5B008CE94B8A}"
EndProject
Project("{FAE04EC0-301F-11D3-BF4B-00C04F79EFBC}") = "Entidades", "Entidades\Entidades.csproj", "{F308AD72-1C8C-4E4A-9894-B260C8902E00}"
EndProject
Global
	GlobalSection(SolutionConfigurationPlatforms) = preSolution
		Debug|Any CPU = Debug|Any CPU
		Release|Any CPU = Release|Any CPU
	EndGlobalSection
	GlobalSection(ProjectConfigurationPlatforms) = postSolution
		{C42FFFCC-C17B-4AE9-990F-27198BA297BA}.Debug|Any CPU.ActiveCfg = Debug|Any CPU
		{C42FFFCC-C17B-4AE9-990F-27198BA297BA}.Debug|Any CPU.Build.0 = Debug|Any CPU
		{C42FFFCC-C17B-4AE9-990F-27198BA297BA}.Release|Any CPU.ActiveCfg = Release|Any CPU
		{C42FFFCC-C17B-4AE9-990F-27198BA297BA}.Release|Any CPU.Build.0 = Release|Any CPU
		{FE3B3C32-4097-4282-A480-B08F63005DB4}.Debug|Any CPU.ActiveCfg = Debug|Any CPU
		{FE3B3C32-4097-4282-A480-B08F63005DB4}.Debug|Any CPU.Build.0 = Debug|Any CPU
		{FE3B3C32-4097-4282-A480-B08F63005DB4}.Release|Any CPU.ActiveCfg = Release|Any CPU
		{FE3B3C32-4097-4282-A480-B08F63005DB4}.Release|Any CPU.Build.0 = Release|Any CPU
		{C6C499E4-8A8F-4FF9-BAC1-5B008CE94B8A}.Debug|Any CPU.ActiveCfg = Debug|Any CPU
		{C6C499E4-8A8F-4FF9-BAC1-5B008CE94B8A}.Debug|Any CPU.Build.0 = Debug|Any CPU
		{C6C499E4-8A8F-4FF9-BAC1-5B008CE94B8A}.Release|Any CPU.ActiveCfg = Release|Any CPU
		{C6C499E4-8A8F-4FF9-BAC1-5B008CE94B8A}.Release|Any CPU.Build.0 = Release|Any CPU
		{F308AD72-1C8C-4E4A-9894-B260C8902E00}.Debug|Any CPU.ActiveCfg = Debug|Any CPU
		{F308AD72-1C8C-4E4A-9894-B260C8902E00}.Debug|Any CPU.Build.0 = Debug|Any CPU
		{F308AD72-1C8C-4E4A-9894-B260C8902E00}.Release|Any CPU.ActiveCfg = Release|Any CPU
		{F308AD72-1C8C-4E4A-9894-B260C8902E00}.Release|Any CPU.Build.0 = Release|Any CPU
	EndGlobalSection
	GlobalSection(SolutionProperties) = preSolution
		HideSolutionNode = FALSE
	EndGlobalSection
EndGlobal
